
Microsoft Visual Studio Solution File, Format Version 12.00
# Visual Studio Version 17
VisualStudioVersion = 17.1.32319.34
MinimumVisualStudioVersion = 10.0.40219.1
Project("{FAE04EC0-301F-11D3-BF4B-00C04F79EFBC}") = "StreamSaver", "StreamSaver.csproj", "{D92F1342-09B8-48FC-900D-2F43DE2B2A7D}"
EndProject
Global
	GlobalSection(SolutionConfigurationPlatforms) = preSolution
		Debug|Any CPU = Debug|Any CPU
		Release|Any CPU = Release|Any CPU
	EndGlobalSection
	GlobalSection(ProjectConfigurationPlatforms) = postSolution
		{D92F1342-09B8-48FC-900D-2F43DE2B2A7D}.Debug|Any CPU.ActiveCfg = Debug|Any CPU
		{D92F1342-09B8-48FC-900D-2F43DE2B2A7D}.Debug|Any CPU.Build.0 = Debug|Any CPU
		{D92F1342-09B8-48FC-900D-2F43DE2B2A7D}.Release|Any CPU.ActiveCfg = Release|Any CPU
		{D92F1342-09B8-48FC-900D-2F43DE2B2A7D}.Release|Any CPU.Build.0 = Release|Any CPU
	EndGlobalSection
	GlobalSection(SolutionProperties) = preSolution
		HideSolutionNode = FALSE
	EndGlobalSection
	GlobalSection(ExtensibilityGlobals) = postSolution
		SolutionGuid = {1585BDDE-3770-40B9-8E7E-EE91F1D89C51}
	EndGlobalSection
EndGlobal
